
Microsoft Visual Studio Solution File, Format Version 12.00
# Visual Studio Version 17
VisualStudioVersion = 17.12.35707.178
MinimumVisualStudioVersion = 10.0.40219.1
Project("{2150E333-8FDC-42A3-9474-1A3956D46DE8}") = "src", "src", "{C7EE83DD-53D4-4B94-9EDA-01AA5B452B6B}"
EndProject
Project("{2150E333-8FDC-42A3-9474-1A3956D46DE8}") = "Decorator", "Decorator", "{C5437423-2890-49C8-9239-D3727F25E40E}"
EndProject
Project("{FAE04EC0-301F-11D3-BF4B-00C04F79EFBC}") = "SharpNest.Decorator", "src\SharpNest.Decorator\SharpNest.Decorator.csproj", "{D8FD6C84-5AC1-5113-AA56-F60D088A2822}"
EndProject
Project("{2150E333-8FDC-42A3-9474-1A3956D46DE8}") = "tests", "tests", "{02EA681E-C7D8-13C7-8484-4AC65E1B71E8}"
EndProject
Project("{2150E333-8FDC-42A3-9474-1A3956D46DE8}") = "Redis", "Redis", "{0D225A2E-B255-4547-873C-D3FD8FC986F2}"
EndProject
Project("{FAE04EC0-301F-11D3-BF4B-00C04F79EFBC}") = "SharpNest.Redis", "src\SharpNest.Redis\SharpNest.Redis.csproj", "{3B07868B-4E33-4D00-95E2-48AC36A8CE31}"
EndProject
Project("{FAE04EC0-301F-11D3-BF4B-00C04F79EFBC}") = "SharpNest.Redis.Cache", "src\SharpNest.Redis.Cache\SharpNest.Redis.Cache.csproj", "{99FF98B0-F828-4892-862E-2C8C4A47064F}"
EndProject
Project("{FAE04EC0-301F-11D3-BF4B-00C04F79EFBC}") = "SharpNest.Redis.Stream", "src\SharpNest.Redis.Stream\SharpNest.Redis.Stream.csproj", "{B0EA7997-E725-4873-8955-CA9CADB7E25C}"
EndProject
Project("{FAE04EC0-301F-11D3-BF4B-00C04F79EFBC}") = "SharpNest.Shared", "src\SharpNest.Shared\SharpNest.Shared.csproj", "{660F48B7-33ED-4C4B-8603-8D925AAF84B1}"
EndProject
Global
	GlobalSection(SolutionConfigurationPlatforms) = preSolution
		Debug|Any CPU = Debug|Any CPU
		Release|Any CPU = Release|Any CPU
	EndGlobalSection
	GlobalSection(ProjectConfigurationPlatforms) = postSolution
		{D8FD6C84-5AC1-5113-AA56-F60D088A2822}.Debug|Any CPU.ActiveCfg = Debug|Any CPU
		{D8FD6C84-5AC1-5113-AA56-F60D088A2822}.Debug|Any CPU.Build.0 = Debug|Any CPU
		{D8FD6C84-5AC1-5113-AA56-F60D088A2822}.Release|Any CPU.ActiveCfg = Release|Any CPU
		{D8FD6C84-5AC1-5113-AA56-F60D088A2822}.Release|Any CPU.Build.0 = Release|Any CPU
		{3B07868B-4E33-4D00-95E2-48AC36A8CE31}.Debug|Any CPU.ActiveCfg = Debug|Any CPU
		{3B07868B-4E33-4D00-95E2-48AC36A8CE31}.Debug|Any CPU.Build.0 = Debug|Any CPU
		{3B07868B-4E33-4D00-95E2-48AC36A8CE31}.Release|Any CPU.ActiveCfg = Release|Any CPU
		{3B07868B-4E33-4D00-95E2-48AC36A8CE31}.Release|Any CPU.Build.0 = Release|Any CPU
		{99FF98B0-F828-4892-862E-2C8C4A47064F}.Debug|Any CPU.ActiveCfg = Debug|Any CPU
		{99FF98B0-F828-4892-862E-2C8C4A47064F}.Debug|Any CPU.Build.0 = Debug|Any CPU
		{99FF98B0-F828-4892-862E-2C8C4A47064F}.Release|Any CPU.ActiveCfg = Release|Any CPU
		{99FF98B0-F828-4892-862E-2C8C4A47064F}.Release|Any CPU.Build.0 = Release|Any CPU
		{B0EA7997-E725-4873-8955-CA9CADB7E25C}.Debug|Any CPU.ActiveCfg = Debug|Any CPU
		{B0EA7997-E725-4873-8955-CA9CADB7E25C}.Debug|Any CPU.Build.0 = Debug|Any CPU
		{B0EA7997-E725-4873-8955-CA9CADB7E25C}.Release|Any CPU.ActiveCfg = Release|Any CPU
		{B0EA7997-E725-4873-8955-CA9CADB7E25C}.Release|Any CPU.Build.0 = Release|Any CPU
		{660F48B7-33ED-4C4B-8603-8D925AAF84B1}.Debug|Any CPU.ActiveCfg = Debug|Any CPU
		{660F48B7-33ED-4C4B-8603-8D925AAF84B1}.Debug|Any CPU.Build.0 = Debug|Any CPU
		{660F48B7-33ED-4C4B-8603-8D925AAF84B1}.Release|Any CPU.ActiveCfg = Release|Any CPU
		{660F48B7-33ED-4C4B-8603-8D925AAF84B1}.Release|Any CPU.Build.0 = Release|Any CPU
	EndGlobalSection
	GlobalSection(SolutionProperties) = preSolution
		HideSolutionNode = FALSE
	EndGlobalSection
	GlobalSection(NestedProjects) = preSolution
		{C5437423-2890-49C8-9239-D3727F25E40E} = {C7EE83DD-53D4-4B94-9EDA-01AA5B452B6B}
		{D8FD6C84-5AC1-5113-AA56-F60D088A2822} = {C5437423-2890-49C8-9239-D3727F25E40E}
		{0D225A2E-B255-4547-873C-D3FD8FC986F2} = {C7EE83DD-53D4-4B94-9EDA-01AA5B452B6B}
		{3B07868B-4E33-4D00-95E2-48AC36A8CE31} = {0D225A2E-B255-4547-873C-D3FD8FC986F2}
		{99FF98B0-F828-4892-862E-2C8C4A47064F} = {0D225A2E-B255-4547-873C-D3FD8FC986F2}
		{B0EA7997-E725-4873-8955-CA9CADB7E25C} = {0D225A2E-B255-4547-873C-D3FD8FC986F2}
		{660F48B7-33ED-4C4B-8603-8D925AAF84B1} = {C7EE83DD-53D4-4B94-9EDA-01AA5B452B6B}
	EndGlobalSection
	GlobalSection(ExtensibilityGlobals) = postSolution
		SolutionGuid = {9F884A9E-9E89-4171-B46B-DDBE2DF6FFAA}
	EndGlobalSection
EndGlobal
